{
  "renv": {
    "Version": "0.6.0-108"
  },
  "R": {
    "Version": "3.5.3",
    "Repositories": [
      {
        "Name": "CRAN",
        "URL": "https://cran.rstudio.com"
      }
    ]
  },
  "Bioconductor": {
    "Repositories": [
      {
        "Name": "BioCsoft",
        "URL": "https://bioconductor.org/packages/3.8/bioc"
      },
      {
        "Name": "BioCann",
        "URL": "https://bioconductor.org/packages/3.8/data/annotation"
      },
      {
        "Name": "BioCexp",
        "URL": "https://bioconductor.org/packages/3.8/data/experiment"
      },
      {
        "Name": "BioCworkflows",
        "URL": "https://bioconductor.org/packages/3.8/workflows"
      },
      {
        "Name": "CRAN",
        "URL": "https://cran.rstudio.com"
      }
    ]
  },
  "Packages": {
    "BH": {
      "Package": "BH",
      "Version": "1.69.0-1",
      "Source": "CRAN",
      "Hash": "88e64b38758666b85d283617231bb766"
    },
    "FNN": {
      "Package": "FNN",
      "Version": "1.1.3",
      "Source": "CRAN",
      "RemoteType": "standard",
      "RemoteRef": "FNN",
      "RemoteRepos": "https://cran.rstudio.com",
      "RemoteSha": "1.1.3",
      "Hash": "cb654d75ffba0bbe3119a7f2139a9afb"
    },
    "KernSmooth": {
      "Package": "KernSmooth",
      "Version": "2.23-15",
      "Source": "CRAN",
      "Hash": "582d281b0945e11da4f99f22ae9a3044"
    },
    "MASS": {
      "Package": "MASS",
      "Version": "7.3-51.1",
      "Source": "CRAN",
      "Hash": "9beca15f32d56f1a5eacfa6419948eb9"
    },
    "Matrix": {
      "Package": "Matrix",
      "Version": "1.2-15",
      "Source": "CRAN",
      "Hash": "9c5038aa0d5e8929162e780e42cf44fe"
    },
    "R.methodsS3": {
      "Package": "R.methodsS3",
      "Version": "1.7.1",
      "Source": "CRAN",
      "Hash": "f0e92bc2ad97a4eabc74e9a59b0905e3"
    },
    "R.oo": {
      "Package": "R.oo",
      "Version": "1.22.0",
      "Source": "CRAN",
      "Hash": "20bb0c8185babb9623852649365b3b25"
    },
    "R.utils": {
      "Package": "R.utils",
      "Version": "2.6.0",
      "Source": "CRAN",
      "Hash": "23ee72f4353271d0df19fb2f423b8446"
    },
    "R6": {
      "Package": "R6",
      "Version": "2.4.0",
      "Source": "CRAN",
      "Hash": "d42941d973f7f28b32f694bc89fb9d5f"
    },
    "RANN": {
      "Package": "RANN",
      "Version": "2.5.1",
      "Source": "CRAN",
      "Hash": "cb4e1afa6481ede0ad1a8785988b0f2c"
    },
    "RColorBrewer": {
      "Package": "RColorBrewer",
      "Version": "1.1-2",
      "Source": "CRAN",
      "Hash": "cdfb92174501c241a0d4e13fcac600a4"
    },
    "ROCR": {
      "Package": "ROCR",
      "Version": "1.0-7",
      "Source": "CRAN",
      "Hash": "84539e089b65adeec4ca91ae71fae2a1"
    },
    "RSpectra": {
      "Package": "RSpectra",
      "Version": "0.15-0",
      "Source": "CRAN",
      "RemoteType": "standard",
      "RemoteRef": "RSpectra",
      "RemoteRepos": "https://cran.rstudio.com",
      "RemoteSha": "0.15-0",
      "Hash": "bed904e20169d275b939962b9cd15587"
    },
    "Rcpp": {
      "Package": "Rcpp",
      "Version": "1.0.1",
      "Source": "CRAN",
      "Hash": "542a8dbcf371718e4dee591341d28c43"
    },
    "RcppAnnoy": {
      "Package": "RcppAnnoy",
      "Version": "0.0.12",
      "Source": "CRAN",
      "RemoteType": "standard",
      "RemoteRef": "RcppAnnoy",
      "RemoteRepos": "https://cran.rstudio.com",
      "RemoteSha": "0.0.12",
      "Hash": "b04a0913e44cbbc720be499aadd078a1"
    },
    "RcppArmadillo": {
      "Package": "RcppArmadillo",
      "Version": "0.9.400.3.0",
      "Source": "CRAN",
      "Hash": "3d5322207702ec9efb9d37287f237473"
    },
    "RcppEigen": {
      "Package": "RcppEigen",
      "Version": "0.3.3.4.0",
      "Source": "CRAN",
      "Hash": "37ea3c7e6139768f1e5628e8ce7ebe10"
    },
    "RcppParallel": {
      "Package": "RcppParallel",
      "Version": "4.4.3",
      "Source": "CRAN",
      "RemoteType": "standard",
      "RemoteRef": "RcppParallel",
      "RemoteRepos": "https://cran.rstudio.com",
      "RemoteSha": "4.4.3",
      "Hash": "87688632e7f81015a418bacac545c352"
    },
    "RcppProgress": {
      "Package": "RcppProgress",
      "Version": "0.4.1",
      "Source": "CRAN",
      "Hash": "ead6b7031496a29c5bd741d8ec6ca551"
    },
    "Rtsne": {
      "Package": "Rtsne",
      "Version": "0.13",
      "Source": "CRAN",
      "Hash": "9a5e32f55c371136cd1b3629b2bae01f"
    },
    "SDMTools": {
      "Package": "SDMTools",
      "Version": "1.1-221",
      "Source": "CRAN",
      "Hash": "cf63ca163843357fcae7457b1670fb7b"
    },
    "Seurat": {
      "Package": "Seurat",
      "Version": "3.0.3.9023",
      "Source": "CRAN",
      "Hash": "83dbc2675afb43e430e346e5bb2aef5d"
    },
    "ape": {
      "Package": "ape",
      "Version": "5.1",
      "Source": "CRAN",
      "Hash": "859ca3a0239c9ffeb0128e64ee4f4a28"
    },
    "assertthat": {
      "Package": "assertthat",
      "Version": "0.2.1",
      "Source": "CRAN",
      "Hash": "263effaa484b1dc3013cf1c1e8f6624e"
    },
    "backports": {
      "Package": "backports",
      "Version": "1.1.2",
      "Source": "CRAN",
      "Hash": "25cd7661caebb3aa67233909a3c63049"
    },
    "base64enc": {
      "Package": "base64enc",
      "Version": "0.1-3",
      "Source": "CRAN",
      "Hash": "eec0d710cee1455ba24eb6ab622a60e9"
    },
    "bitops": {
      "Package": "bitops",
      "Version": "1.0-6",
      "Source": "CRAN",
      "Hash": "f72db5de0feaf15f856ccc2aefdf91de"
    },
    "caTools": {
      "Package": "caTools",
      "Version": "1.17.1.1",
      "Source": "CRAN",
      "Hash": "3ea003a12e047d484d2a558248e9d77e"
    },
    "callr": {
      "Package": "callr",
      "Version": "3.0.0",
      "Source": "CRAN",
      "Hash": "a4b3718d72253a4fa8198929b2b3632e"
    },
    "cli": {
      "Package": "cli",
      "Version": "1.1.0",
      "Source": "CRAN",
      "Hash": "c0a5f242aa2259cf7e40da04bb89f5d8"
    },
    "clipr": {
      "Package": "clipr",
      "Version": "0.4.1",
      "Source": "CRAN",
      "Hash": "59dd1ffdbb3799f6c89498ed88910cce"
    },
    "clisymbols": {
      "Package": "clisymbols",
      "Version": "1.2.0",
      "Source": "CRAN",
      "Hash": "e4438538e94e5fda0c2950f0e6fd2a33"
    },
    "cluster": {
      "Package": "cluster",
      "Version": "2.0.7-1",
      "Source": "CRAN",
      "Hash": "c555ac45354b45aee2025cc4e0e63559"
    },
    "codetools": {
      "Package": "codetools",
      "Version": "0.2-16",
      "Source": "CRAN",
      "Hash": "d1cc4ab8f6b77d181a630244a5994df5"
    },
    "colorspace": {
      "Package": "colorspace",
      "Version": "1.4-1",
      "Source": "CRAN",
      "Hash": "70941d6476af18c149b5b6916f87a7c5"
    },
    "cowplot": {
      "Package": "cowplot",
      "Version": "0.9.2",
      "Source": "CRAN",
      "Hash": "1232d873327b2dca4970ec5ab4496c90"
    },
    "crayon": {
      "Package": "crayon",
      "Version": "1.3.4",
      "Source": "CRAN",
      "Hash": "1e93bda8f2b60a0defc85c82a39e2891"
    },
    "crosstalk": {
      "Package": "crosstalk",
      "Version": "1.0.0",
      "Source": "CRAN",
      "Hash": "751f5746f428e5c0e453a53dac3c85af"
    },
    "curl": {
      "Package": "curl",
      "Version": "3.2",
      "Source": "CRAN",
      "Hash": "2a9d20d79d8180ff60ba38cca6c141b8"
    },
    "data.table": {
      "Package": "data.table",
      "Version": "1.12.2",
      "Source": "CRAN",
      "Hash": "cb5169933d3cb61b8ddc01998858c87e"
    },
    "desc": {
      "Package": "desc",
      "Version": "1.2.0",
      "Source": "CRAN",
      "Hash": "fefdea6ff2d34eb3ea0f15f58262e0f1"
    },
    "devtools": {
      "Package": "devtools",
      "Version": "2.0.1",
      "Source": "CRAN",
      "Hash": "e5e7b6fe9729d1f5c9d0a8bea790309a"
    },
    "digest": {
      "Package": "digest",
      "Version": "0.6.18",
      "Source": "CRAN",
      "Hash": "50c07175e40eda4f3f1deb0d26a3f9dc"
    },
    "dplyr": {
      "Package": "dplyr",
      "Version": "0.8.0.1",
      "Source": "CRAN",
      "Hash": "30e02c841d82e1aecafbd080297c2b82"
    },
    "dqrng": {
      "Package": "dqrng",
      "Version": "0.2.1",
      "Source": "CRAN",
      "RemoteType": "standard",
      "RemoteRef": "dqrng",
      "RemoteRepos": "https://cran.rstudio.com",
      "RemoteSha": "0.2.1",
      "Hash": "ceb3cd25fb1e3108fc01d0d6c7bd2b1f"
    },
    "fansi": {
      "Package": "fansi",
      "Version": "0.4.0",
      "Source": "CRAN",
      "Hash": "7e8ca3a2d400cbdaf72a602e9833c920"
    },
    "fitdistrplus": {
      "Package": "fitdistrplus",
      "Version": "1.0-9",
      "Source": "CRAN",
      "Hash": "7c4000f7106f1b52441bdcd6a1ea6965"
    },
    "fs": {
      "Package": "fs",
      "Version": "1.2.6",
      "Source": "CRAN",
      "Hash": "a02206c9cb677b1590168bc1265c6f13"
    },
    "future": {
      "Package": "future",
      "Version": "1.10.0",
      "Source": "CRAN",
      "Hash": "469868cc0a83c3724fec79052ebbc5e3"
    },
    "future.apply": {
      "Package": "future.apply",
      "Version": "1.0.1",
      "Source": "CRAN",
      "Hash": "65741a3d2cda8c8bcbd9971b18822cfe"
    },
    "gdata": {
      "Package": "gdata",
      "Version": "2.18.0",
      "Source": "CRAN",
      "Hash": "e7c9dd5450cfbb01dd80e4b873ef9cd9"
    },
    "getopt": {
      "Package": "getopt",
      "Version": "1.20.3",
      "Source": "CRAN",
      "Hash": "6462f8b6f9e61e5158cca707961ea80a"
    },
    "ggplot2": {
      "Package": "ggplot2",
      "Version": "3.1.0",
      "Source": "CRAN",
      "Hash": "10ac6cff0c4d83770dada858810301ab"
    },
    "ggrepel": {
      "Package": "ggrepel",
      "Version": "0.8.0",
      "Source": "CRAN",
      "Hash": "8922ed062849321b0accb8e1d9dae9e5"
    },
    "ggridges": {
      "Package": "ggridges",
      "Version": "0.5.0",
      "Source": "CRAN",
      "Hash": "b3db10b1d6d99a445c84a1e9aa4b16d6"
    },
    "gh": {
      "Package": "gh",
      "Version": "1.0.1",
      "Source": "CRAN",
      "Hash": "3e498375faca84a20b431a2df1ce23e9"
    },
    "git2r": {
      "Package": "git2r",
      "Version": "0.23.0",
      "Source": "CRAN",
      "Hash": "07fe825b1c7cce7aa33aeb336457ddad"
    },
    "globals": {
      "Package": "globals",
      "Version": "0.12.4",
      "Source": "CRAN",
      "Hash": "c7f8a0458ed028c99565dc5727879961"
    },
    "glue": {
      "Package": "glue",
      "Version": "1.3.1",
      "Source": "CRAN",
      "Hash": "156f76da413ebe13f4d7e65ae6a5d19f"
    },
    "gplots": {
      "Package": "gplots",
      "Version": "3.0.1.1",
      "Source": "CRAN",
      "Hash": "3fab29041c244204a2e61a53cd728420"
    },
    "gridExtra": {
      "Package": "gridExtra",
      "Version": "2.3",
      "Source": "CRAN",
      "Hash": "cd5e8e3a3950e27fad98d62feab5b0ba"
    },
    "gtable": {
      "Package": "gtable",
      "Version": "0.3.0",
      "Source": "CRAN",
      "Hash": "120444406cc884baa3a2ff5c0566045b"
    },
    "gtools": {
      "Package": "gtools",
      "Version": "3.8.1",
      "Source": "CRAN",
      "Hash": "a7fe2106d673bc8ebc7529e33d25c2ea"
    },
    "here": {
      "Package": "here",
      "Version": "0.1",
      "Source": "CRAN",
      "Hash": "07f70da7018237a1c3ba8f455bdec18d"
    },
    "hexbin": {
      "Package": "hexbin",
      "Version": "1.27.2",
      "Source": "CRAN",
      "Hash": "76beb041336327e94d5fa2fe53b8d932"
    },
    "htmltools": {
      "Package": "htmltools",
      "Version": "0.3.6",
      "Source": "CRAN",
      "Hash": "881e91b8b764a550de68ad18a98c05b5"
    },
    "htmlwidgets": {
      "Package": "htmlwidgets",
      "Version": "1.2",
      "Source": "CRAN",
      "Hash": "05355e9c8f83481c7997c43a2b4b30fe"
    },
    "httpuv": {
      "Package": "httpuv",
      "Version": "1.4.4.1",
      "Source": "CRAN",
      "Hash": "1f6115d7ef8be9eb7dd719c1c6767d70"
    },
    "httr": {
      "Package": "httr",
      "Version": "1.3.1",
      "Source": "CRAN",
      "Hash": "2761f974d2efdab9db778dd134bf7581"
    },
    "ica": {
      "Package": "ica",
      "Version": "1.0-2",
      "Source": "CRAN",
      "Hash": "7928299242ccea5ea94ec05323a12882"
    },
    "igraph": {
      "Package": "igraph",
      "Version": "1.2.1",
      "Source": "CRAN",
      "Hash": "d229f0fddf59ae297c1fb8726b16a993"
    },
    "ini": {
      "Package": "ini",
      "Version": "0.3.1",
      "Source": "CRAN",
      "Hash": "c476efce99f7ae2fde8301147283421a"
    },
    "irlba": {
      "Package": "irlba",
      "Version": "2.3.2",
      "Source": "CRAN",
      "Hash": "f822ccff9f5d420ddbc2c835a2c7b2b2"
    },
    "jsonlite": {
      "Package": "jsonlite",
      "Version": "1.5",
      "Source": "CRAN",
      "Hash": "31f2452b963c8f1b450191da859b4be8"
    },
    "labeling": {
      "Package": "labeling",
      "Version": "0.3",
      "Source": "CRAN",
      "Hash": "379ec196f3f3bb312727d52b022fa8f9"
    },
    "later": {
      "Package": "later",
      "Version": "0.7.3",
      "Source": "CRAN",
      "Hash": "4bd921c669e23c0aa6232e93e6d5d5db"
    },
    "lattice": {
      "Package": "lattice",
      "Version": "0.20-38",
      "Source": "CRAN",
      "Hash": "16dfe2407fe485b6a9fb098120008721"
    },
    "lazyeval": {
      "Package": "lazyeval",
      "Version": "0.2.2",
      "Source": "CRAN",
      "Hash": "8c343e48c3f58de2c70a641592abc0f1"
    },
    "leiden": {
      "Package": "leiden",
      "Version": "0.3.1",
      "Source": "CRAN",
      "RemoteType": "standard",
      "RemoteRef": "leiden",
      "RemoteRepos": "https://cran.rstudio.com",
      "RemoteSha": "0.3.1",
      "Hash": "d681034fc2e99a925998184bd92672ad"
    },
    "liger": {
      "Package": "liger",
      "Version": "1.0",
      "Source": "CRAN",
      "Hash": "30b89c31847cb842249132d06bef123d"
    },
    "listenv": {
      "Package": "listenv",
      "Version": "0.7.0",
      "Source": "CRAN",
      "Hash": "464940fcf3f2ca196c7cd808277bbf07"
    },
    "lmtest": {
      "Package": "lmtest",
      "Version": "0.9-36",
      "Source": "CRAN",
      "Hash": "72556c9738e28d2364ee6d62209c8170"
    },
    "magrittr": {
      "Package": "magrittr",
      "Version": "1.5",
      "Source": "CRAN",
      "Hash": "cb6367fec3fd68ff41424fe9797b8eaf"
    },
    "matrixStats": {
      "Package": "matrixStats",
      "Version": "0.54.0",
      "Source": "CRAN",
      "Hash": "5cb3b8db2ce3720efb170ecbe0997ae1"
    },
    "memoise": {
      "Package": "memoise",
      "Version": "1.1.0",
      "Source": "CRAN",
      "Hash": "84b2466117129ec55e85c8b3c5eae758"
    },
    "metap": {
      "Package": "metap",
      "Version": "0.9",
      "Source": "CRAN",
      "Hash": "7d6e479193b894d5b47dad8da465b3aa"
    },
    "mgcv": {
      "Package": "mgcv",
      "Version": "1.8-27",
      "Source": "CRAN",
      "Hash": "722a75e0bb49aaf187e1121e3481efe9"
    },
    "mime": {
      "Package": "mime",
      "Version": "0.5",
      "Source": "CRAN",
      "Hash": "8a06d0d9e07a322959fbfcc29d4de541"
    },
    "munsell": {
      "Package": "munsell",
      "Version": "0.5.0",
      "Source": "CRAN",
      "Hash": "381047af4d6b44ca4d9285dbdea42434"
    },
    "nlme": {
      "Package": "nlme",
      "Version": "3.1-137",
      "Source": "CRAN",
      "Hash": "55f627741007cdb86b124a16183e6a9e"
    },
    "openssl": {
      "Package": "openssl",
      "Version": "1.0.1",
      "Source": "CRAN",
      "Hash": "ddef6881631c17219368d0f970694c1b"
    },
    "optparse": {
      "Package": "optparse",
      "Version": "1.6.2",
      "Source": "CRAN",
      "Hash": "f7c386c90197a49f43273010bae302dd"
    },
    "pbapply": {
      "Package": "pbapply",
      "Version": "1.3-4",
      "Source": "CRAN",
      "Hash": "665ab565393749503cc0d21e86e9561c"
    },
    "pillar": {
      "Package": "pillar",
      "Version": "1.3.1",
      "Source": "CRAN",
      "Hash": "51db60c7399a1043d4757d11530d91c4"
    },
    "pkgbuild": {
      "Package": "pkgbuild",
      "Version": "1.0.2",
      "Source": "CRAN",
      "Hash": "bf18f1b7d92a8f9ace9858cd43a71cd6"
    },
    "pkgconfig": {
      "Package": "pkgconfig",
      "Version": "2.0.2",
      "Source": "CRAN",
      "Hash": "47f492c929356d52b15018b5827cf857"
    },
    "pkgload": {
      "Package": "pkgload",
      "Version": "1.0.2",
      "Source": "CRAN",
      "Hash": "83fbbb08dc4973debae54ac0e829f9bd"
    },
    "plogr": {
      "Package": "plogr",
      "Version": "0.2.0",
      "Source": "CRAN",
      "Hash": "4f3b95dcac0fc64e36666ac8e6430fc7"
    },
    "plotly": {
      "Package": "plotly",
      "Version": "4.7.1",
      "Source": "CRAN",
      "Hash": "cb631a5e6c31945dc6a33b488aaf1337"
    },
    "plyr": {
      "Package": "plyr",
      "Version": "1.8.4",
      "Source": "CRAN",
      "Hash": "48b2c2a9c4a504ea9167e9252fd9fade"
    },
    "png": {
      "Package": "png",
      "Version": "0.1-7",
      "Source": "CRAN",
      "Hash": "f4a3a0c1f8513a557dcc8dfb32239cd2"
    },
    "prettyunits": {
      "Package": "prettyunits",
      "Version": "1.0.2",
      "Source": "CRAN",
      "Hash": "47d4646a3be22893c04093e8db164989"
    },
    "processx": {
      "Package": "processx",
      "Version": "3.2.0",
      "Source": "CRAN",
      "Hash": "c72fc6ad7dcae08f7b17f8914068e695"
    },
    "promises": {
      "Package": "promises",
      "Version": "1.0.1",
      "Source": "CRAN",
      "Hash": "30a46ce3d9fe3958f266181f8c6f541f"
    },
    "ps": {
      "Package": "ps",
      "Version": "1.2.1",
      "Source": "CRAN",
      "Hash": "bbb7034b3d306acb2d7af14bfd5bc27f"
    },
    "purrr": {
      "Package": "purrr",
      "Version": "0.3.0",
      "Source": "CRAN",
      "Hash": "e4edf8cbf34151e591d4bec651724fe1"
    },
    "rcmdcheck": {
      "Package": "rcmdcheck",
      "Version": "1.3.2",
      "Source": "CRAN",
      "Hash": "720c68cb34081ce67d0ee15214ba5ce9"
    },
    "remotes": {
      "Package": "remotes",
      "Version": "2.0.2",
      "Source": "CRAN",
      "Hash": "6a529187fea76fc9588b4dc981120375"
    },
    "reshape2": {
      "Package": "reshape2",
      "Version": "1.4.3",
      "Source": "CRAN",
      "Hash": "a0b8854199dbfa29a71f514b3ffcddf0"
    },
    "reticulate": {
      "Package": "reticulate",
      "Version": "1.8",
      "Source": "CRAN",
      "Hash": "9b1515ebb9bdaacaf8e60738195846af"
    },
    "rlang": {
      "Package": "rlang",
      "Version": "0.3.3",
      "Source": "CRAN",
      "Hash": "ce26c85191896eaedbe41a17aa5380b3"
    },
    "rprojroot": {
      "Package": "rprojroot",
      "Version": "1.3-2",
      "Source": "CRAN",
      "Hash": "75611db569353a873f987f858b6f06dd"
    },
    "rstudioapi": {
      "Package": "rstudioapi",
      "Version": "0.7",
      "Source": "CRAN",
      "Hash": "67af4a4eef5724f4d8729e45d44d8346"
    },
    "rsvd": {
      "Package": "rsvd",
      "Version": "1.0.0",
      "Source": "CRAN",
      "Hash": "ab6a71397fa198c2cea7faa46677e271"
    },
    "scales": {
      "Package": "scales",
      "Version": "1.0.0",
      "Source": "CRAN",
      "Hash": "17cfbe1a4fcc8d0440a2af68d9e07bf4"
    },
    "sctransform": {
      "Package": "sctransform",
      "Version": "0.2.0",
      "Source": "CRAN",
      "Hash": "ad79625e8d12d207797dc295adbdf386"
    },
    "sessioninfo": {
      "Package": "sessioninfo",
      "Version": "1.1.1",
      "Source": "CRAN",
      "Hash": "1261ec40b973735e3ae12329259479a8"
    },
    "shiny": {
      "Package": "shiny",
      "Version": "1.1.0",
      "Source": "CRAN",
      "Hash": "bbff99a1af5f99e453f7c8fdf01a544f"
    },
    "sitmo": {
      "Package": "sitmo",
      "Version": "2.0.1",
      "Source": "CRAN",
      "RemoteType": "standard",
      "RemoteRef": "sitmo",
      "RemoteRepos": "https://cran.rstudio.com",
      "RemoteSha": "2.0.1",
      "Hash": "7d0cb97c8b30cd46867fc6243f8faf7b"
    },
    "sourcetools": {
      "Package": "sourcetools",
      "Version": "0.1.7",
      "Source": "CRAN",
      "Hash": "729278659af88ed36db42f46ccca0ebd"
    },
    "stringi": {
      "Package": "stringi",
      "Version": "1.4.3",
      "Source": "CRAN",
      "Hash": "0472e71f2347e13cd398d5225ff3b0ea"
    },
    "stringr": {
      "Package": "stringr",
      "Version": "1.4.0",
      "Source": "CRAN",
      "Hash": "01fb6c8262ac804d9bafa60cea8773da"
    },
    "survival": {
      "Package": "survival",
      "Version": "2.43-3",
      "Source": "CRAN",
      "Hash": "001bdde15bdbe9e4f9a708f5c73ac23e"
    },
    "tibble": {
      "Package": "tibble",
      "Version": "2.1.1",
      "Source": "CRAN",
      "Hash": "12ce38efdfe72eb34c31873431337e35"
    },
    "tidyr": {
      "Package": "tidyr",
      "Version": "0.8.2",
      "Source": "CRAN",
      "Hash": "1f5564b185970bd71a44916bf1f5f9b9"
    },
    "tidyselect": {
      "Package": "tidyselect",
      "Version": "0.2.5",
      "Source": "CRAN",
      "Hash": "66c1a6de7f98266b76503698f2ca111d"
    },
    "tsne": {
      "Package": "tsne",
      "Version": "0.1-3",
      "Source": "CRAN",
      "Hash": "2cf08209dbdabcd638f876df3b28d284"
    },
    "usethis": {
      "Package": "usethis",
      "Version": "1.4.0",
      "Source": "CRAN",
      "Hash": "9c85270ac7f028702e9031039cdbd6dc"
    },
    "utf8": {
      "Package": "utf8",
      "Version": "1.1.4",
      "Source": "CRAN",
      "Hash": "557d1cc1d7b4ff362db5990acc00f2a0"
    },
    "uwot": {
      "Package": "uwot",
      "Version": "0.1.3",
      "Source": "CRAN",
      "RemoteType": "standard",
      "RemoteRef": "uwot",
      "RemoteRepos": "https://cran.rstudio.com",
      "RemoteSha": "0.1.3",
      "Hash": "c5c96673491d2947038c390598446e24"
    },
    "viridisLite": {
      "Package": "viridisLite",
      "Version": "0.3.0",
      "Source": "CRAN",
      "Hash": "e62dbc33079a4e2ff7429032f0e46efd"
    },
    "whisker": {
      "Package": "whisker",
      "Version": "0.3-2",
      "Source": "CRAN",
      "Hash": "1e74aefd2c67890f504a1fa2d0834d70"
    },
    "withr": {
      "Package": "withr",
      "Version": "2.1.2",
      "Source": "CRAN",
      "Hash": "ce9ffa6d865ecaf6a56cacc811565e07"
    },
    "xopen": {
      "Package": "xopen",
      "Version": "1.0.0",
      "Source": "CRAN",
      "Hash": "a8fb8ee1d1a41595f44e5cce92cafa2d"
    },
    "xtable": {
      "Package": "xtable",
      "Version": "1.8-2",
      "Source": "CRAN",
      "Hash": "ed03acceeed8ebbc4fa7307c86e1daed"
    },
    "yaml": {
      "Package": "yaml",
      "Version": "2.1.19",
      "Source": "CRAN",
      "Hash": "855d0461bd0bd00a75c0a0d84311b746"
    },
    "zoo": {
      "Package": "zoo",
      "Version": "1.8-2",
      "Source": "CRAN",
      "Hash": "ec09ac95bba016caf2c9f3bbb2603980"
    }
  }
}
